
Microsoft Visual Studio Solution File, Format Version 12.00
# Visual Studio 15
VisualStudioVersion = 15.0.28307.1500
MinimumVisualStudioVersion = 10.0.40219.1
Project("{9A19103F-16F7-4668-BE54-9A1E7A4F7556}") = "ExpenseTracker", "ExpenseTracker.csproj", "{AA1FABE0-AEFF-4DE0-89F6-8B4EB6C265B4}"
EndProject
Global
	GlobalSection(SolutionConfigurationPlatforms) = preSolution
		Debug|Any CPU = Debug|Any CPU
		Release|Any CPU = Release|Any CPU
	EndGlobalSection
	GlobalSection(ProjectConfigurationPlatforms) = postSolution
		{AA1FABE0-AEFF-4DE0-89F6-8B4EB6C265B4}.Debug|Any CPU.ActiveCfg = Debug|Any CPU
		{AA1FABE0-AEFF-4DE0-89F6-8B4EB6C265B4}.Debug|Any CPU.Build.0 = Debug|Any CPU
		{AA1FABE0-AEFF-4DE0-89F6-8B4EB6C265B4}.Release|Any CPU.ActiveCfg = Release|Any CPU
		{AA1FABE0-AEFF-4DE0-89F6-8B4EB6C265B4}.Release|Any CPU.Build.0 = Release|Any CPU
	EndGlobalSection
	GlobalSection(SolutionProperties) = preSolution
		HideSolutionNode = FALSE
	EndGlobalSection
	GlobalSection(ExtensibilityGlobals) = postSolution
		SolutionGuid = {8E8E1881-4C01-4F5D-8820-BEA519CB7D8E}
	EndGlobalSection
EndGlobal
